
Microsoft Visual Studio Solution File, Format Version 12.00
# Visual Studio 15
VisualStudioVersion = 15.0.28010.2048
MinimumVisualStudioVersion = 10.0.40219.1
Project("{FAE04EC0-301F-11D3-BF4B-00C04F79EFBC}") = "EnvelopeAnalyzer", "EnvelopeAnalyzer\EnvelopeAnalyzer.csproj", "{164A5D6C-2AAB-4A6A-B561-4E67CE7E394A}"
EndProject
Global
	GlobalSection(SolutionConfigurationPlatforms) = preSolution
		Debug|Any CPU = Debug|Any CPU
		Release|Any CPU = Release|Any CPU
	EndGlobalSection
	GlobalSection(ProjectConfigurationPlatforms) = postSolution
		{164A5D6C-2AAB-4A6A-B561-4E67CE7E394A}.Debug|Any CPU.ActiveCfg = Debug|Any CPU
		{164A5D6C-2AAB-4A6A-B561-4E67CE7E394A}.Debug|Any CPU.Build.0 = Debug|Any CPU
		{164A5D6C-2AAB-4A6A-B561-4E67CE7E394A}.Release|Any CPU.ActiveCfg = Release|Any CPU
		{164A5D6C-2AAB-4A6A-B561-4E67CE7E394A}.Release|Any CPU.Build.0 = Release|Any CPU
	EndGlobalSection
	GlobalSection(SolutionProperties) = preSolution
		HideSolutionNode = FALSE
	EndGlobalSection
	GlobalSection(ExtensibilityGlobals) = postSolution
		SolutionGuid = {E142F299-FE58-4241-8D89-29FA918E329E}
	EndGlobalSection
EndGlobal
